
Microsoft Visual Studio Solution File, Format Version 12.00
# Visual Studio 14
VisualStudioVersion = 14.0.25420.1
MinimumVisualStudioVersion = 10.0.40219.1
Project("{8BC9CEB8-8B4A-11D0-8D11-00A0C91BC942}") = "Contener", "Contener\Contener.vcxproj", "{F78372CB-BB3B-45F2-9FDB-A8FB71F9E18F}"
EndProject
Global
	GlobalSection(SolutionConfigurationPlatforms) = preSolution
		Debug|x64 = Debug|x64
		Debug|x86 = Debug|x86
		Release|x64 = Release|x64
		Release|x86 = Release|x86
	EndGlobalSection
	GlobalSection(ProjectConfigurationPlatforms) = postSolution
		{F78372CB-BB3B-45F2-9FDB-A8FB71F9E18F}.Debug|x64.ActiveCfg = Debug|x64
		{F78372CB-BB3B-45F2-9FDB-A8FB71F9E18F}.Debug|x64.Build.0 = Debug|x64
		{F78372CB-BB3B-45F2-9FDB-A8FB71F9E18F}.Debug|x86.ActiveCfg = Debug|Win32
		{F78372CB-BB3B-45F2-9FDB-A8FB71F9E18F}.Debug|x86.Build.0 = Debug|Win32
		{F78372CB-BB3B-45F2-9FDB-A8FB71F9E18F}.Release|x64.ActiveCfg = Release|x64
		{F78372CB-BB3B-45F2-9FDB-A8FB71F9E18F}.Release|x64.Build.0 = Release|x64
		{F78372CB-BB3B-45F2-9FDB-A8FB71F9E18F}.Release|x86.ActiveCfg = Release|Win32
		{F78372CB-BB3B-45F2-9FDB-A8FB71F9E18F}.Release|x86.Build.0 = Release|Win32
	EndGlobalSection
	GlobalSection(SolutionProperties) = preSolution
		HideSolutionNode = FALSE
	EndGlobalSection
EndGlobal
